name: Update flake.lock
on:
  workflow_dispatch: # allows manual triggering
  schedule:
    - cron: '0 0 * * 0' # runs weekly on Sunday at 00:00

jobs:
  update-flake-lock:
    runs-on: ubuntu-latest
    steps:
      - name: Checkout repository
        uses: actions/checkout@v3

      - name: Install Nix
        uses: cachix/install-nix-action@v17

      - name: Update flake.lock
        id: update
        uses: DeterminateSystems/update-flake-lock@v11
        with:
          pr-body: |
            Automated changes by the [update-flake-lock](https://github.com/DeterminateSystems/update-flake-lock) GitHub Action.
            ```
            {{ env.GIT_COMMIT_MESSAGE }}
            ```
